
Microsoft Visual Studio Solution File, Format Version 11.00
# Visual Studio 2010
Project("{FAE04EC0-301F-11D3-BF4B-00C04F79EFBC}") = "Assembly-CSharp-firstpass", "Assembly-CSharp-firstpass.csproj", "{dd20dd26-d9d0-8da0-13ed-697b08dbe3b5}"
EndProject
Project("{FAE04EC0-301F-11D3-BF4B-00C04F79EFBC}") = "Assembly-CSharp", "Assembly-CSharp.csproj", "{da2b38b4-be39-1544-b2fb-0b912e8c4fc5}"
EndProject
Project("{FAE04EC0-301F-11D3-BF4B-00C04F79EFBC}") = "MeshEditor.Effects.RunTime", "MeshEditor.Effects.RunTime.csproj", "{40388b5c-630e-96ac-6fcc-960121fac5a3}"
EndProject
Project("{FAE04EC0-301F-11D3-BF4B-00C04F79EFBC}") = "DOTweenPro.Scripts", "DOTweenPro.Scripts.csproj", "{ad8f7d30-9fa1-9d40-9c0d-d54b51033e92}"
EndProject
Project("{FAE04EC0-301F-11D3-BF4B-00C04F79EFBC}") = "DOTween.Modules", "DOTween.Modules.csproj", "{df7b0b41-e4bd-877f-9c40-484262b44861}"
EndProject
Project("{FAE04EC0-301F-11D3-BF4B-00C04F79EFBC}") = "Assembly-CSharp-Editor-firstpass", "Assembly-CSharp-Editor-firstpass.csproj", "{35ffbda0-004d-0604-def6-953389e81a92}"
EndProject
Project("{FAE04EC0-301F-11D3-BF4B-00C04F79EFBC}") = "Assembly-CSharp-Editor", "Assembly-CSharp-Editor.csproj", "{1d789837-c4c4-0160-e6dc-bbba2d0e25d9}"
EndProject
Project("{FAE04EC0-301F-11D3-BF4B-00C04F79EFBC}") = "DOTweenPro.EditorScripts", "DOTweenPro.EditorScripts.csproj", "{0fa36b4f-f3dd-31da-eade-214ac8ebcc56}"
EndProject
Global
	GlobalSection(SolutionConfigurationPlatforms) = preSolution
		Debug|Any CPU = Debug|Any CPU
		Release|Any CPU = Release|Any CPU
	EndGlobalSection
	GlobalSection(ProjectConfigurationPlatforms) = postSolution
		{dd20dd26-d9d0-8da0-13ed-697b08dbe3b5}.Debug|Any CPU.ActiveCfg = Debug|Any CPU
		{dd20dd26-d9d0-8da0-13ed-697b08dbe3b5}.Debug|Any CPU.Build.0 = Debug|Any CPU
		{dd20dd26-d9d0-8da0-13ed-697b08dbe3b5}.Release|Any CPU.ActiveCfg = Release|Any CPU
		{dd20dd26-d9d0-8da0-13ed-697b08dbe3b5}.Release|Any CPU.Build.0 = Release|Any CPU
		{da2b38b4-be39-1544-b2fb-0b912e8c4fc5}.Debug|Any CPU.ActiveCfg = Debug|Any CPU
		{da2b38b4-be39-1544-b2fb-0b912e8c4fc5}.Debug|Any CPU.Build.0 = Debug|Any CPU
		{da2b38b4-be39-1544-b2fb-0b912e8c4fc5}.Release|Any CPU.ActiveCfg = Release|Any CPU
		{da2b38b4-be39-1544-b2fb-0b912e8c4fc5}.Release|Any CPU.Build.0 = Release|Any CPU
		{40388b5c-630e-96ac-6fcc-960121fac5a3}.Debug|Any CPU.ActiveCfg = Debug|Any CPU
		{40388b5c-630e-96ac-6fcc-960121fac5a3}.Debug|Any CPU.Build.0 = Debug|Any CPU
		{40388b5c-630e-96ac-6fcc-960121fac5a3}.Release|Any CPU.ActiveCfg = Release|Any CPU
		{40388b5c-630e-96ac-6fcc-960121fac5a3}.Release|Any CPU.Build.0 = Release|Any CPU
		{ad8f7d30-9fa1-9d40-9c0d-d54b51033e92}.Debug|Any CPU.ActiveCfg = Debug|Any CPU
		{ad8f7d30-9fa1-9d40-9c0d-d54b51033e92}.Debug|Any CPU.Build.0 = Debug|Any CPU
		{ad8f7d30-9fa1-9d40-9c0d-d54b51033e92}.Release|Any CPU.ActiveCfg = Release|Any CPU
		{ad8f7d30-9fa1-9d40-9c0d-d54b51033e92}.Release|Any CPU.Build.0 = Release|Any CPU
		{df7b0b41-e4bd-877f-9c40-484262b44861}.Debug|Any CPU.ActiveCfg = Debug|Any CPU
		{df7b0b41-e4bd-877f-9c40-484262b44861}.Debug|Any CPU.Build.0 = Debug|Any CPU
		{df7b0b41-e4bd-877f-9c40-484262b44861}.Release|Any CPU.ActiveCfg = Release|Any CPU
		{df7b0b41-e4bd-877f-9c40-484262b44861}.Release|Any CPU.Build.0 = Release|Any CPU
		{35ffbda0-004d-0604-def6-953389e81a92}.Debug|Any CPU.ActiveCfg = Debug|Any CPU
		{35ffbda0-004d-0604-def6-953389e81a92}.Debug|Any CPU.Build.0 = Debug|Any CPU
		{35ffbda0-004d-0604-def6-953389e81a92}.Release|Any CPU.ActiveCfg = Release|Any CPU
		{35ffbda0-004d-0604-def6-953389e81a92}.Release|Any CPU.Build.0 = Release|Any CPU
		{1d789837-c4c4-0160-e6dc-bbba2d0e25d9}.Debug|Any CPU.ActiveCfg = Debug|Any CPU
		{1d789837-c4c4-0160-e6dc-bbba2d0e25d9}.Debug|Any CPU.Build.0 = Debug|Any CPU
		{1d789837-c4c4-0160-e6dc-bbba2d0e25d9}.Release|Any CPU.ActiveCfg = Release|Any CPU
		{1d789837-c4c4-0160-e6dc-bbba2d0e25d9}.Release|Any CPU.Build.0 = Release|Any CPU
		{0fa36b4f-f3dd-31da-eade-214ac8ebcc56}.Debug|Any CPU.ActiveCfg = Debug|Any CPU
		{0fa36b4f-f3dd-31da-eade-214ac8ebcc56}.Debug|Any CPU.Build.0 = Debug|Any CPU
		{0fa36b4f-f3dd-31da-eade-214ac8ebcc56}.Release|Any CPU.ActiveCfg = Release|Any CPU
		{0fa36b4f-f3dd-31da-eade-214ac8ebcc56}.Release|Any CPU.Build.0 = Release|Any CPU
	EndGlobalSection
	GlobalSection(SolutionProperties) = preSolution
		HideSolutionNode = FALSE
	EndGlobalSection
EndGlobal
